
Microsoft Visual Studio Solution File, Format Version 12.00
# Visual Studio Version 17
VisualStudioVersion = 17.9.34622.214
MinimumVisualStudioVersion = 10.0.40219.1
Project("{9A19103F-16F7-4668-BE54-9A1E7A4F7556}") = "GovApplication", "GovApplication\GovApplication.csproj", "{DD400C61-84F0-48AF-A500-ACED5985B540}"
EndProject
Global
	GlobalSection(SolutionConfigurationPlatforms) = preSolution
		Debug|Any CPU = Debug|Any CPU
		Release|Any CPU = Release|Any CPU
	EndGlobalSection
	GlobalSection(ProjectConfigurationPlatforms) = postSolution
		{DD400C61-84F0-48AF-A500-ACED5985B540}.Debug|Any CPU.ActiveCfg = Debug|Any CPU
		{DD400C61-84F0-48AF-A500-ACED5985B540}.Debug|Any CPU.Build.0 = Debug|Any CPU
		{DD400C61-84F0-48AF-A500-ACED5985B540}.Release|Any CPU.ActiveCfg = Release|Any CPU
		{DD400C61-84F0-48AF-A500-ACED5985B540}.Release|Any CPU.Build.0 = Release|Any CPU
	EndGlobalSection
	GlobalSection(SolutionProperties) = preSolution
		HideSolutionNode = FALSE
	EndGlobalSection
	GlobalSection(ExtensibilityGlobals) = postSolution
		SolutionGuid = {56901141-1664-4E42-A1E7-18D160BAD10B}
	EndGlobalSection
EndGlobal
